
Microsoft Visual Studio Solution File, Format Version 12.00
# Visual Studio Version 17
VisualStudioVersion = 17.4.33213.308
MinimumVisualStudioVersion = 10.0.40219.1
Project("{FAE04EC0-301F-11D3-BF4B-00C04F79EFBC}") = "SnakeLogic", "SnakeLogic\SnakeLogic.csproj", "{591E7E06-B041-4046-8929-67D12DCA4E86}"
EndProject
Project("{FAE04EC0-301F-11D3-BF4B-00C04F79EFBC}") = "SnakeLogic.Tests", "SnakeLogic.Tests\SnakeLogic.Tests.csproj", "{AA994EDC-304B-4F45-9817-3C6B296835AE}"
EndProject
Project("{FAE04EC0-301F-11D3-BF4B-00C04F79EFBC}") = "Snake.Client", "Snake.Client\Snake.Client.csproj", "{97A95DA2-864F-4B46-9F55-BBCDDE559369}"
EndProject
Global
	GlobalSection(SolutionConfigurationPlatforms) = preSolution
		Debug|Any CPU = Debug|Any CPU
		Release|Any CPU = Release|Any CPU
	EndGlobalSection
	GlobalSection(ProjectConfigurationPlatforms) = postSolution
		{591E7E06-B041-4046-8929-67D12DCA4E86}.Debug|Any CPU.ActiveCfg = Debug|Any CPU
		{591E7E06-B041-4046-8929-67D12DCA4E86}.Debug|Any CPU.Build.0 = Debug|Any CPU
		{591E7E06-B041-4046-8929-67D12DCA4E86}.Release|Any CPU.ActiveCfg = Release|Any CPU
		{591E7E06-B041-4046-8929-67D12DCA4E86}.Release|Any CPU.Build.0 = Release|Any CPU
		{AA994EDC-304B-4F45-9817-3C6B296835AE}.Debug|Any CPU.ActiveCfg = Debug|Any CPU
		{AA994EDC-304B-4F45-9817-3C6B296835AE}.Debug|Any CPU.Build.0 = Debug|Any CPU
		{AA994EDC-304B-4F45-9817-3C6B296835AE}.Release|Any CPU.ActiveCfg = Release|Any CPU
		{AA994EDC-304B-4F45-9817-3C6B296835AE}.Release|Any CPU.Build.0 = Release|Any CPU
		{97A95DA2-864F-4B46-9F55-BBCDDE559369}.Debug|Any CPU.ActiveCfg = Debug|Any CPU
		{97A95DA2-864F-4B46-9F55-BBCDDE559369}.Debug|Any CPU.Build.0 = Debug|Any CPU
		{97A95DA2-864F-4B46-9F55-BBCDDE559369}.Release|Any CPU.ActiveCfg = Release|Any CPU
		{97A95DA2-864F-4B46-9F55-BBCDDE559369}.Release|Any CPU.Build.0 = Release|Any CPU
	EndGlobalSection
	GlobalSection(SolutionProperties) = preSolution
		HideSolutionNode = FALSE
	EndGlobalSection
	GlobalSection(ExtensibilityGlobals) = postSolution
		SolutionGuid = {DBFCF63F-4B2E-47C2-B5B9-52C6D5D3B756}
	EndGlobalSection
EndGlobal
